
Microsoft Visual Studio Solution File, Format Version 12.00
# Visual Studio Version 17
VisualStudioVersion = 17.7.34031.279
MinimumVisualStudioVersion = 10.0.40219.1
Project("{FAE04EC0-301F-11D3-BF4B-00C04F79EFBC}") = "trabajo_3", "trabajo_3\trabajo_3.csproj", "{003519D4-BCCF-47D2-93C0-DAE2AABD8C5F}"
EndProject
Global
	GlobalSection(SolutionConfigurationPlatforms) = preSolution
		Debug|Any CPU = Debug|Any CPU
		Release|Any CPU = Release|Any CPU
	EndGlobalSection
	GlobalSection(ProjectConfigurationPlatforms) = postSolution
		{003519D4-BCCF-47D2-93C0-DAE2AABD8C5F}.Debug|Any CPU.ActiveCfg = Debug|Any CPU
		{003519D4-BCCF-47D2-93C0-DAE2AABD8C5F}.Debug|Any CPU.Build.0 = Debug|Any CPU
		{003519D4-BCCF-47D2-93C0-DAE2AABD8C5F}.Release|Any CPU.ActiveCfg = Release|Any CPU
		{003519D4-BCCF-47D2-93C0-DAE2AABD8C5F}.Release|Any CPU.Build.0 = Release|Any CPU
	EndGlobalSection
	GlobalSection(SolutionProperties) = preSolution
		HideSolutionNode = FALSE
	EndGlobalSection
	GlobalSection(ExtensibilityGlobals) = postSolution
		SolutionGuid = {4B173924-6987-418C-B7D0-F72D7666FE97}
	EndGlobalSection
EndGlobal
